// !$*UTF8*$!
{
	archiveVersion = 1;
	classes = {
	};
	objectVersion = 46;
	objects = {

/* Begin PBXBuildFile section */
		3F733E0C1B3185CD00B0885D /* PhotoController.m in Sources */ = {isa = PBXBuildFile; fileRef = 3F733E0B1B3185CD00B0885D /* PhotoController.m */; };
		3FD0A2721B314D8500DDD65D /* main.m in Sources */ = {isa = PBXBuildFile; fileRef = 3FD0A2711B314D8500DDD65D /* main.m */; };
		3FD0A2751B314D8500DDD65D /* AppDelegate.m in Sources */ = {isa = PBXBuildFile; fileRef = 3FD0A2741B314D8500DDD65D /* AppDelegate.m */; };
		3FD0A2781B314D8500DDD65D /* ViewController.m in Sources */ = {isa = PBXBuildFile; fileRef = 3FD0A2771B314D8500DDD65D /* ViewController.m */; };
		3FD0A27B1B314D8500DDD65D /* Main.storyboard in Resources */ = {isa = PBXBuildFile; fileRef = 3FD0A2791B314D8500DDD65D /* Main.storyboard */; };
		3FD0A27D1B314D8500DDD65D /* Images.xcassets in Resources */ = {isa = PBXBuildFile; fileRef = 3FD0A27C1B314D8500DDD65D /* Images.xcassets */; };
		3FD0A2801B314D8500DDD65D /* LaunchScreen.xib in Resources */ = {isa = PBXBuildFile; fileRef = 3FD0A27E1B314D8500DDD65D /* LaunchScreen.xib */; };
		3FD0A28C1B314D8500DDD65D /* day_4Tests.m in Sources */ = {isa = PBXBuildFile; fileRef = 3FD0A28B1B314D8500DDD65D /* day_4Tests.m */; };
		3FD0A2961B314E3B00DDD65D /* carimage.jpg in Resources */ = {isa = PBXBuildFile; fileRef = 3FD0A2951B314E3B00DDD65D /* carimage.jpg */; };
		3FD0A2991B314E8600DDD65D /* PhotoCollectionViewCell.m in Sources */ = {isa = PBXBuildFile; fileRef = 3FD0A2981B314E8600DDD65D /* PhotoCollectionViewCell.m */; };
		78E8DCAE59984873487C7FAE /* libPods.a in Frameworks */ = {isa = PBXBuildFile; fileRef = 094A0726D853DA14D5994D9B /* libPods.a */; };
/* End PBXBuildFile section */

/* Begin PBXContainerItemProxy section */
		3FD0A2861B314D8500DDD65D /* PBXContainerItemProxy */ = {
			isa = PBXContainerItemProxy;
			containerPortal = 3FD0A2641B314D8500DDD65D /* Project object */;
			proxyType = 1;
			remoteGlobalIDString = 3FD0A26B1B314D8500DDD65D;
			remoteInfo = "day 4";
		};
/* End PBXContainerItemProxy section */

/* Begin PBXFileReference section */
		094A0726D853DA14D5994D9B /* libPods.a */ = {isa = PBXFileReference; explicitFileType = archive.ar; includeInIndex = 0; path = libPods.a; sourceTree = BUILT_PRODUCTS_DIR; };
		141FAE56860E4EF71B7CEB21 /* Pods.debug.xcconfig */ = {isa = PBXFileReference; includeInIndex = 1; lastKnownFileType = text.xcconfig; name = Pods.debug.xcconfig; path = "Pods/Target Support Files/Pods/Pods.debug.xcconfig"; sourceTree = "<group>"; };
		3F733E0A1B3185CD00B0885D /* PhotoController.h */ = {isa = PBXFileReference; fileEncoding = 4; lastKnownFileType = sourcecode.c.h; path = PhotoController.h; sourceTree = "<group>"; };
		3F733E0B1B3185CD00B0885D /* PhotoController.m */ = {isa = PBXFileReference; fileEncoding = 4; lastKnownFileType = sourcecode.c.objc; path = PhotoController.m; sourceTree = "<group>"; };
		3FD0A26C1B314D8500DDD65D /* day 4.app */ = {isa = PBXFileReference; explicitFileType = wrapper.application; includeInIndex = 0; path = "day 4.app"; sourceTree = BUILT_PRODUCTS_DIR; };
		3FD0A2701B314D8500DDD65D /* Info.plist */ = {isa = PBXFileReference; lastKnownFileType = text.plist.xml; path = Info.plist; sourceTree = "<group>"; };
		3FD0A2711B314D8500DDD65D /* main.m */ = {isa = PBXFileReference; lastKnownFileType = sourcecode.c.objc; path = main.m; sourceTree = "<group>"; };
		3FD0A2731B314D8500DDD65D /* AppDelegate.h */ = {isa = PBXFileReference; lastKnownFileType = sourcecode.c.h; path = AppDelegate.h; sourceTree = "<group>"; };
		3FD0A2741B314D8500DDD65D /* AppDelegate.m */ = {isa = PBXFileReference; lastKnownFileType = sourcecode.c.objc; path = AppDelegate.m; sourceTree = "<group>"; };
		3FD0A2761B314D8500DDD65D /* ViewController.h */ = {isa = PBXFileReference; lastKnownFileType = sourcecode.c.h; path = ViewController.h; sourceTree = "<group>"; };
		3FD0A2771B314D8500DDD65D /* ViewController.m */ = {isa = PBXFileReference; lastKnownFileType = sourcecode.c.objc; path = ViewController.m; sourceTree = "<group>"; };
		3FD0A27A1B314D8500DDD65D /* Base */ = {isa = PBXFileReference; lastKnownFileType = file.storyboard; name = Base; path = Base.lproj/Main.storyboard; sourceTree = "<group>"; };
		3FD0A27C1B314D8500DDD65D /* Images.xcassets */ = {isa = PBXFileReference; lastKnownFileType = folder.assetcatalog; path = Images.xcassets; sourceTree = "<group>"; };
		3FD0A27F1B314D8500DDD65D /* Base */ = {isa = PBXFileReference; lastKnownFileType = file.xib; name = Base; path = Base.lproj/LaunchScreen.xib; sourceTree = "<group>"; };
		3FD0A2851B314D8500DDD65D /* day 4Tests.xctest */ = {isa = PBXFileReference; explicitFileType = wrapper.cfbundle; includeInIndex = 0; path = "day 4Tests.xctest"; sourceTree = BUILT_PRODUCTS_DIR; };
		3FD0A28A1B314D8500DDD65D /* Info.plist */ = {isa = PBXFileReference; lastKnownFileType = text.plist.xml; path = Info.plist; sourceTree = "<group>"; };
		3FD0A28B1B314D8500DDD65D /* day_4Tests.m */ = {isa = PBXFileReference; lastKnownFileType = sourcecode.c.objc; path = day_4Tests.m; sourceTree = "<group>"; };
		3FD0A2951B314E3B00DDD65D /* carimage.jpg */ = {isa = PBXFileReference; lastKnownFileType = image.jpeg; path = carimage.jpg; sourceTree = "<group>"; };
		3FD0A2971B314E8600DDD65D /* PhotoCollectionViewCell.h */ = {isa = PBXFileReference; fileEncoding = 4; lastKnownFileType = sourcecode.c.h; path = PhotoCollectionViewCell.h; sourceTree = "<group>"; };
		3FD0A2981B314E8600DDD65D /* PhotoCollectionViewCell.m */ = {isa = PBXFileReference; fileEncoding = 4; lastKnownFileType = sourcecode.c.objc; path = PhotoCollectionViewCell.m; sourceTree = "<group>"; };
		916591A13EC274234D477661 /* Pods.release.xcconfig */ = {isa = PBXFileReference; includeInIndex = 1; lastKnownFileType = text.xcconfig; name = Pods.release.xcconfig; path = "Pods/Target Support Files/Pods/Pods.release.xcconfig"; sourceTree = "<group>"; };
/* End PBXFileReference section */

/* Begin PBXFrameworksBuildPhase section */
		3FD0A2691B314D8500DDD65D /* Frameworks */ = {
			isa = PBXFrameworksBuildPhase;
			buildActionMask = 2147483647;
			files = (
				78E8DCAE59984873487C7FAE /* libPods.a in Frameworks */,
			);
			runOnlyForDeploymentPostprocessing = 0;
		};
		3FD0A2821B314D8500DDD65D /* Frameworks */ = {
			isa = PBXFrameworksBuildPhase;
			buildActionMask = 2147483647;
			files = (
			);
			runOnlyForDeploymentPostprocessing = 0;
		};
/* End PBXFrameworksBuildPhase section */

/* Begin PBXGroup section */
		0CA9DABB0AF890FC512AC99F /* Frameworks */ = {
			isa = PBXGroup;
			children = (
				094A0726D853DA14D5994D9B /* libPods.a */,
			);
			name = Frameworks;
			sourceTree = "<group>";
		};
		3FD0A2631B314D8500DDD65D = {
			isa = PBXGroup;
			children = (
				3FD0A26E1B314D8500DDD65D /* day 4 */,
				3FD0A2881B314D8500DDD65D /* day 4Tests */,
				3FD0A26D1B314D8500DDD65D /* Products */,
				A26C661126E5A9155F273E81 /* Pods */,
				0CA9DABB0AF890FC512AC99F /* Frameworks */,
			);
			sourceTree = "<group>";
		};
		3FD0A26D1B314D8500DDD65D /* Products */ = {
			isa = PBXGroup;
			children = (
				3FD0A26C1B314D8500DDD65D /* day 4.app */,
				3FD0A2851B314D8500DDD65D /* day 4Tests.xctest */,
			);
			name = Products;
			sourceTree = "<group>";
		};
		3FD0A26E1B314D8500DDD65D /* day 4 */ = {
			isa = PBXGroup;
			children = (
				3FD0A2731B314D8500DDD65D /* AppDelegate.h */,
				3FD0A2741B314D8500DDD65D /* AppDelegate.m */,
				3FD0A2971B314E8600DDD65D /* PhotoCollectionViewCell.h */,
				3FD0A2981B314E8600DDD65D /* PhotoCollectionViewCell.m */,
				3FD0A2761B314D8500DDD65D /* ViewController.h */,
				3FD0A2771B314D8500DDD65D /* ViewController.m */,
				3F733E0A1B3185CD00B0885D /* PhotoController.h */,
				3F733E0B1B3185CD00B0885D /* PhotoController.m */,
				3FD0A2791B314D8500DDD65D /* Main.storyboard */,
				3FD0A27C1B314D8500DDD65D /* Images.xcassets */,
				3FD0A27E1B314D8500DDD65D /* LaunchScreen.xib */,
				3FD0A26F1B314D8500DDD65D /* Supporting Files */,
			);
			path = "day 4";
			sourceTree = "<group>";
		};
		3FD0A26F1B314D8500DDD65D /* Supporting Files */ = {
			isa = PBXGroup;
			children = (
				3FD0A2951B314E3B00DDD65D /* carimage.jpg */,
				3FD0A2701B314D8500DDD65D /* Info.plist */,
				3FD0A2711B314D8500DDD65D /* main.m */,
			);
			name = "Supporting Files";
			sourceTree = "<group>";
		};
		3FD0A2881B314D8500DDD65D /* day 4Tests */ = {
			isa = PBXGroup;
			children = (
				3FD0A28B1B314D8500DDD65D /* day_4Tests.m */,
				3FD0A2891B314D8500DDD65D /* Supporting Files */,
			);
			path = "day 4Tests";
			sourceTree = "<group>";
		};
		3FD0A2891B314D8500DDD65D /* Supporting Files */ = {
			isa = PBXGroup;
			children = (
				3FD0A28A1B314D8500DDD65D /* Info.plist */,
			);
			name = "Supporting Files";
			sourceTree = "<group>";
		};
		A26C661126E5A9155F273E81 /* Pods */ = {
			isa = PBXGroup;
			children = (
				141FAE56860E4EF71B7CEB21 /* Pods.debug.xcconfig */,
				916591A13EC274234D477661 /* Pods.release.xcconfig */,
			);
			name = Pods;
			sourceTree = "<group>";
		};
/* End PBXGroup section */

/* Begin PBXNativeTarget section */
		3FD0A26B1B314D8500DDD65D /* day 4 */ = {
			isa = PBXNativeTarget;
			buildConfigurationList = 3FD0A28F1B314D8500DDD65D /* Build configuration list for PBXNativeTarget "day 4" */;
			buildPhases = (
				55DFDF7FEAC616273EDE8A94 /* Check Pods Manifest.lock */,
				3FD0A2681B314D8500DDD65D /* Sources */,
				3FD0A2691B314D8500DDD65D /* Frameworks */,
				3FD0A26A1B314D8500DDD65D /* Resources */,
				DBFA51DE93CDEF95396B978A /* Copy Pods Resources */,
			);
			buildRules = (
			);
			dependencies = (
			);
			name = "day 4";
			productName = "day 4";
			productReference = 3FD0A26C1B314D8500DDD65D /* day 4.app */;
			productType = "com.apple.product-type.application";
		};
		3FD0A2841B314D8500DDD65D /* day 4Tests */ = {
			isa = PBXNativeTarget;
			buildConfigurationList = 3FD0A2921B314D8500DDD65D /* Build configuration list for PBXNativeTarget "day 4Tests" */;
			buildPhases = (
				3FD0A2811B314D8500DDD65D /* Sources */,
				3FD0A2821B314D8500DDD65D /* Frameworks */,
				3FD0A2831B314D8500DDD65D /* Resources */,
			);
			buildRules = (
			);
			dependencies = (
				3FD0A2871B314D8500DDD65D /* PBXTargetDependency */,
			);
			name = "day 4Tests";
			productName = "day 4Tests";
			productReference = 3FD0A2851B314D8500DDD65D /* day 4Tests.xctest */;
			productType = "com.apple.product-type.bundle.unit-test";
		};
/* End PBXNativeTarget section */

/* Begin PBXProject section */
		3FD0A2641B314D8500DDD65D /* Project object */ = {
			isa = PBXProject;
			attributes = {
				LastUpgradeCheck = 0610;
				ORGANIZATIONNAME = Student;
				TargetAttributes = {
					3FD0A26B1B314D8500DDD65D = {
						CreatedOnToolsVersion = 6.1.1;
					};
					3FD0A2841B314D8500DDD65D = {
						CreatedOnToolsVersion = 6.1.1;
						TestTargetID = 3FD0A26B1B314D8500DDD65D;
					};
				};
			};
			buildConfigurationList = 3FD0A2671B314D8500DDD65D /* Build configuration list for PBXProject "day 4" */;
			compatibilityVersion = "Xcode 3.2";
			developmentRegion = English;
			hasScannedForEncodings = 0;
			knownRegions = (
				en,
				Base,
			);
			mainGroup = 3FD0A2631B314D8500DDD65D;
			productRefGroup = 3FD0A26D1B314D8500DDD65D /* Products */;
			projectDirPath = "";
			projectRoot = "";
			targets = (
				3FD0A26B1B314D8500DDD65D /* day 4 */,
				3FD0A2841B314D8500DDD65D /* day 4Tests */,
			);
		};
/* End PBXProject section */

/* Begin PBXResourcesBuildPhase section */
		3FD0A26A1B314D8500DDD65D /* Resources */ = {
			isa = PBXResourcesBuildPhase;
			buildActionMask = 2147483647;
			files = (
				3FD0A2961B314E3B00DDD65D /* carimage.jpg in Resources */,
				3FD0A27B1B314D8500DDD65D /* Main.storyboard in Resources */,
				3FD0A2801B314D8500DDD65D /* LaunchScreen.xib in Resources */,
				3FD0A27D1B314D8500DDD65D /* Images.xcassets in Resources */,
			);
			runOnlyForDeploymentPostprocessing = 0;
		};
		3FD0A2831B314D8500DDD65D /* Resources */ = {
			isa = PBXResourcesBuildPhase;
			buildActionMask = 2147483647;
			files = (
			);
			runOnlyForDeploymentPostprocessing = 0;
		};
/* End PBXResourcesBuildPhase section */

/* Begin PBXShellScriptBuildPhase section */
		55DFDF7FEAC616273EDE8A94 /* Check Pods Manifest.lock */ = {
			isa = PBXShellScriptBuildPhase;
			buildActionMask = 2147483647;
			files = (
			);
			inputPaths = (
			);
			name = "Check Pods Manifest.lock";
			outputPaths = (
			);
			runOnlyForDeploymentPostprocessing = 0;
			shellPath = /bin/sh;
			shellScript = "diff \"${PODS_ROOT}/../Podfile.lock\" \"${PODS_ROOT}/Manifest.lock\" > /dev/null\nif [[ $? != 0 ]] ; then\n    cat << EOM\nerror: The sandbox is not in sync with the Podfile.lock. Run 'pod install' or update your CocoaPods installation.\nEOM\n    exit 1\nfi\n";
			showEnvVarsInLog = 0;
		};
		DBFA51DE93CDEF95396B978A /* Copy Pods Resources */ = {
			isa = PBXShellScriptBuildPhase;
			buildActionMask = 2147483647;
			files = (
			);
			inputPaths = (
			);
			name = "Copy Pods Resources";
			outputPaths = (
			);
			runOnlyForDeploymentPostprocessing = 0;
			shellPath = /bin/sh;
			shellScript = "\"${SRCROOT}/Pods/Target Support Files/Pods/Pods-resources.sh\"\n";
			showEnvVarsInLog = 0;
		};
/* End PBXShellScriptBuildPhase section */

/* Begin PBXSourcesBuildPhase section */
		3FD0A2681B314D8500DDD65D /* Sources */ = {
			isa = PBXSourcesBuildPhase;
			buildActionMask = 2147483647;
			files = (
				3FD0A2781B314D8500DDD65D /* ViewController.m in Sources */,
				3FD0A2991B314E8600DDD65D /* PhotoCollectionViewCell.m in Sources */,
				3FD0A2751B314D8500DDD65D /* AppDelegate.m in Sources */,
				3FD0A2721B314D8500DDD65D /* main.m in Sources */,
				3F733E0C1B3185CD00B0885D /* PhotoController.m in Sources */,
			);
			runOnlyForDeploymentPostprocessing = 0;
		};
		3FD0A2811B314D8500DDD65D /* Sources */ = {
			isa = PBXSourcesBuildPhase;
			buildActionMask = 2147483647;
			files = (
				3FD0A28C1B314D8500DDD65D /* day_4Tests.m in Sources */,
			);
			runOnlyForDeploymentPostprocessing = 0;
		};
/* End PBXSourcesBuildPhase section */

/* Begin PBXTargetDependency section */
		3FD0A2871B314D8500DDD65D /* PBXTargetDependency */ = {
			isa = PBXTargetDependency;
			target = 3FD0A26B1B314D8500DDD65D /* day 4 */;
			targetProxy = 3FD0A2861B314D8500DDD65D /* PBXContainerItemProxy */;
		};
/* End PBXTargetDependency section */

/* Begin PBXVariantGroup section */
		3FD0A2791B314D8500DDD65D /* Main.storyboard */ = {
			isa = PBXVariantGroup;
			children = (
				3FD0A27A1B314D8500DDD65D /* Base */,
			);
			name = Main.storyboard;
			sourceTree = "<group>";
		};
		3FD0A27E1B314D8500DDD65D /* LaunchScreen.xib */ = {
			isa = PBXVariantGroup;
			children = (
				3FD0A27F1B314D8500DDD65D /* Base */,
			);
			name = LaunchScreen.xib;
			sourceTree = "<group>";
		};
/* End PBXVariantGroup section */

/* Begin XCBuildConfiguration section */
		3FD0A28D1B314D8500DDD65D /* Debug */ = {
			isa = XCBuildConfiguration;
			buildSettings = {
				ALWAYS_SEARCH_USER_PATHS = NO;
				CLANG_CXX_LANGUAGE_STANDARD = "gnu++0x";
				CLANG_CXX_LIBRARY = "libc++";
				CLANG_ENABLE_MODULES = YES;
				CLANG_ENABLE_OBJC_ARC = YES;
				CLANG_WARN_BOOL_CONVERSION = YES;
				CLANG_WARN_CONSTANT_CONVERSION = YES;
				CLANG_WARN_DIRECT_OBJC_ISA_USAGE = YES_ERROR;
				CLANG_WARN_EMPTY_BODY = YES;
				CLANG_WARN_ENUM_CONVERSION = YES;
				CLANG_WARN_INT_CONVERSION = YES;
				CLANG_WARN_OBJC_ROOT_CLASS = YES_ERROR;
				CLANG_WARN_UNREACHABLE_CODE = YES;
				CLANG_WARN__DUPLICATE_METHOD_MATCH = YES;
				"CODE_SIGN_IDENTITY[sdk=iphoneos*]" = "iPhone Developer";
				COPY_PHASE_STRIP = NO;
				ENABLE_STRICT_OBJC_MSGSEND = YES;
				GCC_C_LANGUAGE_STANDARD = gnu99;
				GCC_DYNAMIC_NO_PIC = NO;
				GCC_OPTIMIZATION_LEVEL = 0;
				GCC_PREPROCESSOR_DEFINITIONS = (
					"DEBUG=1",
					"$(inherited)",
				);
				GCC_SYMBOLS_PRIVATE_EXTERN = NO;
				GCC_WARN_64_TO_32_BIT_CONVERSION = YES;
				GCC_WARN_ABOUT_RETURN_TYPE = YES_ERROR;
				GCC_WARN_UNDECLARED_SELECTOR = YES;
				GCC_WARN_UNINITIALIZED_AUTOS = YES_AGGRESSIVE;
				GCC_WARN_UNUSED_FUNCTION = YES;
				GCC_WARN_UNUSED_VARIABLE = YES;
				IPHONEOS_DEPLOYMENT_TARGET = 8.1;
				MTL_ENABLE_DEBUG_INFO = YES;
				ONLY_ACTIVE_ARCH = YES;
				SDKROOT = iphoneos;
			};
			name = Debug;
		};
		3FD0A28E1B314D8500DDD65D /* Release */ = {
			isa = XCBuildConfiguration;
			buildSettings = {
				ALWAYS_SEARCH_USER_PATHS = NO;
				CLANG_CXX_LANGUAGE_STANDARD = "gnu++0x";
				CLANG_CXX_LIBRARY = "libc++";
				CLANG_ENABLE_MODULES = YES;
				CLANG_ENABLE_OBJC_ARC = YES;
				CLANG_WARN_BOOL_CONVERSION = YES;
				CLANG_WARN_CONSTANT_CONVERSION = YES;
				CLANG_WARN_DIRECT_OBJC_ISA_USAGE = YES_ERROR;
				CLANG_WARN_EMPTY_BODY = YES;
				CLANG_WARN_ENUM_CONVERSION = YES;
				CLANG_WARN_INT_CONVERSION = YES;
				CLANG_WARN_OBJC_ROOT_CLASS = YES_ERROR;
				CLANG_WARN_UNREACHABLE_CODE = YES;
				CLANG_WARN__DUPLICATE_METHOD_MATCH = YES;
				"CODE_SIGN_IDENTITY[sdk=iphoneos*]" = "iPhone Developer";
				COPY_PHASE_STRIP = YES;
				ENABLE_NS_ASSERTIONS = NO;
				ENABLE_STRICT_OBJC_MSGSEND = YES;
				GCC_C_LANGUAGE_STANDARD = gnu99;
				GCC_WARN_64_TO_32_BIT_CONVERSION = YES;
				GCC_WARN_ABOUT_RETURN_TYPE = YES_ERROR;
				GCC_WARN_UNDECLARED_SELECTOR = YES;
				GCC_WARN_UNINITIALIZED_AUTOS = YES_AGGRESSIVE;
				GCC_WARN_UNUSED_FUNCTION = YES;
				GCC_WARN_UNUSED_VARIABLE = YES;
				IPHONEOS_DEPLOYMENT_TARGET = 8.1;
				MTL_ENABLE_DEBUG_INFO = NO;
				SDKROOT = iphoneos;
				VALIDATE_PRODUCT = YES;
			};
			name = Release;
		};
		3FD0A2901B314D8500DDD65D /* Debug */ = {
			isa = XCBuildConfiguration;
			baseConfigurationReference = 141FAE56860E4EF71B7CEB21 /* Pods.debug.xcconfig */;
			buildSettings = {
				ASSETCATALOG_COMPILER_APPICON_NAME = AppIcon;
				INFOPLIST_FILE = "day 4/Info.plist";
				LD_RUNPATH_SEARCH_PATHS = "$(inherited) @executable_path/Frameworks";
				PRODUCT_NAME = "$(TARGET_NAME)";
			};
			name = Debug;
		};
		3FD0A2911B314D8500DDD65D /* Release */ = {
			isa = XCBuildConfiguration;
			baseConfigurationReference = 916591A13EC274234D477661 /* Pods.release.xcconfig */;
			buildSettings = {
				ASSETCATALOG_COMPILER_APPICON_NAME = AppIcon;
				INFOPLIST_FILE = "day 4/Info.plist";
				LD_RUNPATH_SEARCH_PATHS = "$(inherited) @executable_path/Frameworks";
				PRODUCT_NAME = "$(TARGET_NAME)";
			};
			name = Release;
		};
		3FD0A2931B314D8500DDD65D /* Debug */ = {
			isa = XCBuildConfiguration;
			buildSettings = {
				BUNDLE_LOADER = "$(TEST_HOST)";
				FRAMEWORK_SEARCH_PATHS = (
					"$(SDKROOT)/Developer/Library/Frameworks",
					"$(inherited)",
				);
				GCC_PREPROCESSOR_DEFINITIONS = (
					"DEBUG=1",
					"$(inherited)",
				);
				INFOPLIST_FILE = "day 4Tests/Info.plist";
				LD_RUNPATH_SEARCH_PATHS = "$(inherited) @executable_path/Frameworks @loader_path/Frameworks";
				PRODUCT_NAME = "$(TARGET_NAME)";
				TEST_HOST = "$(BUILT_PRODUCTS_DIR)/day 4.app/day 4";
			};
			name = Debug;
		};
		3FD0A2941B314D8500DDD65D /* Release */ = {
			isa = XCBuildConfiguration;
			buildSettings = {
				BUNDLE_LOADER = "$(TEST_HOST)";
				FRAMEWORK_SEARCH_PATHS = (
					"$(SDKROOT)/Developer/Library/Frameworks",
					"$(inherited)",
				);
				INFOPLIST_FILE = "day 4Tests/Info.plist";
				LD_RUNPATH_SEARCH_PATHS = "$(inherited) @executable_path/Frameworks @loader_path/Frameworks";
				PRODUCT_NAME = "$(TARGET_NAME)";
				TEST_HOST = "$(BUILT_PRODUCTS_DIR)/day 4.app/day 4";
			};
			name = Release;
		};
/* End XCBuildConfiguration section */

/* Begin XCConfigurationList section */
		3FD0A2671B314D8500DDD65D /* Build configuration list for PBXProject "day 4" */ = {
			isa = XCConfigurationList;
			buildConfigurations = (
				3FD0A28D1B314D8500DDD65D /* Debug */,
				3FD0A28E1B314D8500DDD65D /* Release */,
			);
			defaultConfigurationIsVisible = 0;
			defaultConfigurationName = Release;
		};
		3FD0A28F1B314D8500DDD65D /* Build configuration list for PBXNativeTarget "day 4" */ = {
			isa = XCConfigurationList;
			buildConfigurations = (
				3FD0A2901B314D8500DDD65D /* Debug */,
				3FD0A2911B314D8500DDD65D /* Release */,
			);
			defaultConfigurationIsVisible = 0;
			defaultConfigurationName = Release;
		};
		3FD0A2921B314D8500DDD65D /* Build configuration list for PBXNativeTarget "day 4Tests" */ = {
			isa = XCConfigurationList;
			buildConfigurations = (
				3FD0A2931B314D8500DDD65D /* Debug */,
				3FD0A2941B314D8500DDD65D /* Release */,
			);
			defaultConfigurationIsVisible = 0;
			defaultConfigurationName = Release;
		};
/* End XCConfigurationList section */
	};
	rootObject = 3FD0A2641B314D8500DDD65D /* Project object */;
}
